PODS:
  - NMLocalizedPhoneCountryView (1.0.8)

DEPENDENCIES:
  - NMLocalizedPhoneCountryView (from `../`)

EXTERNAL SOURCES:
  NMLocalizedPhoneCountryView:
    :path: "../"

SPEC CHECKSUMS:
  NMLocalizedPhoneCountryView: e77b8ae4f058cc41e53d0f32a838d319bee0a1e4

PODFILE CHECKSUM: 9b2008915da28f15a1cc254c667261ab8b76f39c

COCOAPODS: 1.8.4
